
Microsoft Visual Studio Solution File, Format Version 12.00
# Visual Studio Version 17
VisualStudioVersion = 17.2.32526.322
MinimumVisualStudioVersion = 10.0.40219.1
Project("{FAE04EC0-301F-11D3-BF4B-00C04F79EFBC}") = "EjercicioBilletera", "EjercicioBilletera\EjercicioBilletera.csproj", "{B1B90927-BC00-44AA-862D-518C938B6891}"
EndProject
Global
	GlobalSection(SolutionConfigurationPlatforms) = preSolution
		Debug|Any CPU = Debug|Any CPU
		Release|Any CPU = Release|Any CPU
	EndGlobalSection
	GlobalSection(ProjectConfigurationPlatforms) = postSolution
		{B1B90927-BC00-44AA-862D-518C938B6891}.Debug|Any CPU.ActiveCfg = Debug|Any CPU
		{B1B90927-BC00-44AA-862D-518C938B6891}.Debug|Any CPU.Build.0 = Debug|Any CPU
		{B1B90927-BC00-44AA-862D-518C938B6891}.Release|Any CPU.ActiveCfg = Release|Any CPU
		{B1B90927-BC00-44AA-862D-518C938B6891}.Release|Any CPU.Build.0 = Release|Any CPU
	EndGlobalSection
	GlobalSection(SolutionProperties) = preSolution
		HideSolutionNode = FALSE
	EndGlobalSection
	GlobalSection(ExtensibilityGlobals) = postSolution
		SolutionGuid = {A547A1E0-6A72-455C-A3CC-B2500F0B0526}
	EndGlobalSection
EndGlobal
